
Microsoft Visual Studio Solution File, Format Version 12.00
# Visual Studio 15
VisualStudioVersion = 15.0.27130.2024
MinimumVisualStudioVersion = 10.0.40219.1
Project("{2150E333-8FDC-42A3-9474-1A3956D46DE8}") = "01.Presentation", "01.Presentation", "{38CEBF4C-3349-46D4-ABB2-0061486424F0}"
EndProject
Project("{2150E333-8FDC-42A3-9474-1A3956D46DE8}") = "02.Application", "02.Application", "{7C18D440-B526-41BF-B56E-164743EE85E9}"
EndProject
Project("{2150E333-8FDC-42A3-9474-1A3956D46DE8}") = "03.Domain", "03.Domain", "{85FF43D1-00DF-4372-82FB-1C54B4F6410F}"
EndProject
Project("{2150E333-8FDC-42A3-9474-1A3956D46DE8}") = "04.Infrastructure", "04.Infrastructure", "{024D7107-23F8-4D50-9B35-5485B4ED0C7C}"
EndProject
Project("{9A19103F-16F7-4668-BE54-9A1E7A4F7556}") = "FlameIris.Api", "01.Presentation\FlameIris.Api\FlameIris.Api.csproj", "{55013227-00A7-4AD0-B4DC-85E2D6DFBAC6}"
EndProject
Project("{9A19103F-16F7-4668-BE54-9A1E7A4F7556}") = "FlameIris.Application", "02.Application\FlameIris.Application\FlameIris.Application.csproj", "{6D634443-A604-4E52-B6EA-790889E981F0}"
EndProject
Project("{9A19103F-16F7-4668-BE54-9A1E7A4F7556}") = "FlameIris.Domain", "03.Domain\FlameIris.Domain\FlameIris.Domain.csproj", "{E1399260-FC71-4A1B-8242-F3055332315F}"
EndProject
Project("{9A19103F-16F7-4668-BE54-9A1E7A4F7556}") = "FlameIris.EntityFrameworkCore", "04.Infrastructure\FlameIris.EntityFrameworkCore\FlameIris.EntityFrameworkCore.csproj", "{B7D016C6-2FDE-4EB9-B146-E452ADC6E150}"
EndProject
Project("{9A19103F-16F7-4668-BE54-9A1E7A4F7556}") = "FlameIris.Utility", "04.Infrastructure\FlameIris.Utility\FlameIris.Utility.csproj", "{207D2408-3E70-43A5-BDCF-6A46AA740362}"
EndProject
Global
	GlobalSection(SolutionConfigurationPlatforms) = preSolution
		Debug|Any CPU = Debug|Any CPU
		Release|Any CPU = Release|Any CPU
	EndGlobalSection
	GlobalSection(ProjectConfigurationPlatforms) = postSolution
		{55013227-00A7-4AD0-B4DC-85E2D6DFBAC6}.Debug|Any CPU.ActiveCfg = Debug|Any CPU
		{55013227-00A7-4AD0-B4DC-85E2D6DFBAC6}.Debug|Any CPU.Build.0 = Debug|Any CPU
		{55013227-00A7-4AD0-B4DC-85E2D6DFBAC6}.Release|Any CPU.ActiveCfg = Release|Any CPU
		{55013227-00A7-4AD0-B4DC-85E2D6DFBAC6}.Release|Any CPU.Build.0 = Release|Any CPU
		{6D634443-A604-4E52-B6EA-790889E981F0}.Debug|Any CPU.ActiveCfg = Debug|Any CPU
		{6D634443-A604-4E52-B6EA-790889E981F0}.Debug|Any CPU.Build.0 = Debug|Any CPU
		{6D634443-A604-4E52-B6EA-790889E981F0}.Release|Any CPU.ActiveCfg = Release|Any CPU
		{6D634443-A604-4E52-B6EA-790889E981F0}.Release|Any CPU.Build.0 = Release|Any CPU
		{E1399260-FC71-4A1B-8242-F3055332315F}.Debug|Any CPU.ActiveCfg = Debug|Any CPU
		{E1399260-FC71-4A1B-8242-F3055332315F}.Debug|Any CPU.Build.0 = Debug|Any CPU
		{E1399260-FC71-4A1B-8242-F3055332315F}.Release|Any CPU.ActiveCfg = Release|Any CPU
		{E1399260-FC71-4A1B-8242-F3055332315F}.Release|Any CPU.Build.0 = Release|Any CPU
		{B7D016C6-2FDE-4EB9-B146-E452ADC6E150}.Debug|Any CPU.ActiveCfg = Debug|Any CPU
		{B7D016C6-2FDE-4EB9-B146-E452ADC6E150}.Debug|Any CPU.Build.0 = Debug|Any CPU
		{B7D016C6-2FDE-4EB9-B146-E452ADC6E150}.Release|Any CPU.ActiveCfg = Release|Any CPU
		{B7D016C6-2FDE-4EB9-B146-E452ADC6E150}.Release|Any CPU.Build.0 = Release|Any CPU
		{207D2408-3E70-43A5-BDCF-6A46AA740362}.Debug|Any CPU.ActiveCfg = Debug|Any CPU
		{207D2408-3E70-43A5-BDCF-6A46AA740362}.Debug|Any CPU.Build.0 = Debug|Any CPU
		{207D2408-3E70-43A5-BDCF-6A46AA740362}.Release|Any CPU.ActiveCfg = Release|Any CPU
		{207D2408-3E70-43A5-BDCF-6A46AA740362}.Release|Any CPU.Build.0 = Release|Any CPU
	EndGlobalSection
	GlobalSection(SolutionProperties) = preSolution
		HideSolutionNode = FALSE
	EndGlobalSection
	GlobalSection(NestedProjects) = preSolution
		{55013227-00A7-4AD0-B4DC-85E2D6DFBAC6} = {38CEBF4C-3349-46D4-ABB2-0061486424F0}
		{6D634443-A604-4E52-B6EA-790889E981F0} = {7C18D440-B526-41BF-B56E-164743EE85E9}
		{E1399260-FC71-4A1B-8242-F3055332315F} = {85FF43D1-00DF-4372-82FB-1C54B4F6410F}
		{B7D016C6-2FDE-4EB9-B146-E452ADC6E150} = {024D7107-23F8-4D50-9B35-5485B4ED0C7C}
		{207D2408-3E70-43A5-BDCF-6A46AA740362} = {024D7107-23F8-4D50-9B35-5485B4ED0C7C}
	EndGlobalSection
	GlobalSection(ExtensibilityGlobals) = postSolution
		SolutionGuid = {21B398D8-C997-40FB-B286-A43D6F414C56}
	EndGlobalSection
EndGlobal
